
Microsoft Visual Studio Solution File, Format Version 12.00
Project("{FAE04EC0-301F-11D3-BF4B-00C04F79EFBC}") = "MessagingApp.Api", "MessagingApp.Api\MessagingApp.Api.csproj", "{37476AD1-28E3-4229-8FCD-193B7EB56C1F}"
EndProject
Project("{FAE04EC0-301F-11D3-BF4B-00C04F79EFBC}") = "MessagingApp.Domain", "MessagingApp.Domain\MessagingApp.Domain.csproj", "{C5D5F92A-7F02-4915-A052-7FE687A332EB}"
EndProject
Project("{FAE04EC0-301F-11D3-BF4B-00C04F79EFBC}") = "MessagingApp.Infrastructure", "MessagingApp.Infrastructure\MessagingApp.Infrastructure.csproj", "{6B9AB768-97E6-4F86-ACA4-66809E6D0C4F}"
EndProject
Project("{FAE04EC0-301F-11D3-BF4B-00C04F79EFBC}") = "MessagingApp.Application", "MessagingApp.Application\MessagingApp.Application.csproj", "{949234E4-3BBA-43A0-90F0-B0F0FEACDACC}"
EndProject
Global
	GlobalSection(SolutionConfigurationPlatforms) = preSolution
		Debug|Any CPU = Debug|Any CPU
		Release|Any CPU = Release|Any CPU
	EndGlobalSection
	GlobalSection(ProjectConfigurationPlatforms) = postSolution
		{37476AD1-28E3-4229-8FCD-193B7EB56C1F}.Debug|Any CPU.ActiveCfg = Debug|Any CPU
		{37476AD1-28E3-4229-8FCD-193B7EB56C1F}.Debug|Any CPU.Build.0 = Debug|Any CPU
		{37476AD1-28E3-4229-8FCD-193B7EB56C1F}.Release|Any CPU.ActiveCfg = Release|Any CPU
		{37476AD1-28E3-4229-8FCD-193B7EB56C1F}.Release|Any CPU.Build.0 = Release|Any CPU
		{C5D5F92A-7F02-4915-A052-7FE687A332EB}.Debug|Any CPU.ActiveCfg = Debug|Any CPU
		{C5D5F92A-7F02-4915-A052-7FE687A332EB}.Debug|Any CPU.Build.0 = Debug|Any CPU
		{C5D5F92A-7F02-4915-A052-7FE687A332EB}.Release|Any CPU.ActiveCfg = Release|Any CPU
		{C5D5F92A-7F02-4915-A052-7FE687A332EB}.Release|Any CPU.Build.0 = Release|Any CPU
		{6B9AB768-97E6-4F86-ACA4-66809E6D0C4F}.Debug|Any CPU.ActiveCfg = Debug|Any CPU
		{6B9AB768-97E6-4F86-ACA4-66809E6D0C4F}.Debug|Any CPU.Build.0 = Debug|Any CPU
		{6B9AB768-97E6-4F86-ACA4-66809E6D0C4F}.Release|Any CPU.ActiveCfg = Release|Any CPU
		{6B9AB768-97E6-4F86-ACA4-66809E6D0C4F}.Release|Any CPU.Build.0 = Release|Any CPU
		{949234E4-3BBA-43A0-90F0-B0F0FEACDACC}.Debug|Any CPU.ActiveCfg = Debug|Any CPU
		{949234E4-3BBA-43A0-90F0-B0F0FEACDACC}.Debug|Any CPU.Build.0 = Debug|Any CPU
		{949234E4-3BBA-43A0-90F0-B0F0FEACDACC}.Release|Any CPU.ActiveCfg = Release|Any CPU
		{949234E4-3BBA-43A0-90F0-B0F0FEACDACC}.Release|Any CPU.Build.0 = Release|Any CPU
	EndGlobalSection
EndGlobal
