
Microsoft Visual Studio Solution File, Format Version 12.00
Project("{FAE04EC0-301F-11D3-BF4B-00C04F79EFBC}") = "MessagingApp.Api", "MessagingApp.Api\MessagingApp.Api.csproj", "{37476AD1-28E3-4229-8FCD-193B7EB56C1F}"
EndProject
Global
	GlobalSection(SolutionConfigurationPlatforms) = preSolution
		Debug|Any CPU = Debug|Any CPU
		Release|Any CPU = Release|Any CPU
	EndGlobalSection
	GlobalSection(ProjectConfigurationPlatforms) = postSolution
		{37476AD1-28E3-4229-8FCD-193B7EB56C1F}.Debug|Any CPU.ActiveCfg = Debug|Any CPU
		{37476AD1-28E3-4229-8FCD-193B7EB56C1F}.Debug|Any CPU.Build.0 = Debug|Any CPU
		{37476AD1-28E3-4229-8FCD-193B7EB56C1F}.Release|Any CPU.ActiveCfg = Release|Any CPU
		{37476AD1-28E3-4229-8FCD-193B7EB56C1F}.Release|Any CPU.Build.0 = Release|Any CPU
	EndGlobalSection
EndGlobal
